
Microsoft Visual Studio Solution File, Format Version 12.00
# Visual Studio 15
VisualStudioVersion = 15.0.27703.2042
MinimumVisualStudioVersion = 10.0.40219.1
Project("{FAE04EC0-301F-11D3-BF4B-00C04F79EFBC}") = "Graffiti_Gallery", "Graffiti_Gallery\Graffiti_Gallery.csproj", "{048C26A6-2598-4792-B398-F3524B453156}"
EndProject
Global
	GlobalSection(SolutionConfigurationPlatforms) = preSolution
		Debug|Any CPU = Debug|Any CPU
		Release|Any CPU = Release|Any CPU
	EndGlobalSection
	GlobalSection(ProjectConfigurationPlatforms) = postSolution
		{048C26A6-2598-4792-B398-F3524B453156}.Debug|Any CPU.ActiveCfg = Debug|Any CPU
		{048C26A6-2598-4792-B398-F3524B453156}.Debug|Any CPU.Build.0 = Debug|Any CPU
		{048C26A6-2598-4792-B398-F3524B453156}.Release|Any CPU.ActiveCfg = Release|Any CPU
		{048C26A6-2598-4792-B398-F3524B453156}.Release|Any CPU.Build.0 = Release|Any CPU
	EndGlobalSection
	GlobalSection(SolutionProperties) = preSolution
		HideSolutionNode = FALSE
	EndGlobalSection
	GlobalSection(ExtensibilityGlobals) = postSolution
		SolutionGuid = {E89F7DE4-98EA-49F5-B7BF-887F90692AC3}
	EndGlobalSection
EndGlobal
